
Microsoft Visual Studio Solution File, Format Version 12.00
# Visual Studio Version 16
VisualStudioVersion = 16.0.30011.22
MinimumVisualStudioVersion = 10.0.40219.1
Project("{FAE04EC0-301F-11D3-BF4B-00C04F79EFBC}") = "Xamarin.Android.Binding.Mp4Parser", "Xamarin.Android.Binding.Mp4Parser\Xamarin.Android.Binding.Mp4Parser.csproj", "{63C22865-D34A-4B5A-A78F-4E8FA52E38E8}"
EndProject
Global
	GlobalSection(SolutionConfigurationPlatforms) = preSolution
		Debug|Any CPU = Debug|Any CPU
		Release|Any CPU = Release|Any CPU
	EndGlobalSection
	GlobalSection(ProjectConfigurationPlatforms) = postSolution
		{63C22865-D34A-4B5A-A78F-4E8FA52E38E8}.Debug|Any CPU.ActiveCfg = Debug|Any CPU
		{63C22865-D34A-4B5A-A78F-4E8FA52E38E8}.Debug|Any CPU.Build.0 = Debug|Any CPU
		{63C22865-D34A-4B5A-A78F-4E8FA52E38E8}.Release|Any CPU.ActiveCfg = Release|Any CPU
		{63C22865-D34A-4B5A-A78F-4E8FA52E38E8}.Release|Any CPU.Build.0 = Release|Any CPU
	EndGlobalSection
	GlobalSection(SolutionProperties) = preSolution
		HideSolutionNode = FALSE
	EndGlobalSection
	GlobalSection(ExtensibilityGlobals) = postSolution
		SolutionGuid = {41528C1F-9529-4576-893E-7F84088BA7E3}
	EndGlobalSection
EndGlobal
